
Microsoft Visual Studio Solution File, Format Version 12.00
# Visual Studio Version 17
VisualStudioVersion = 17.11.35312.102
MinimumVisualStudioVersion = 10.0.40219.1
Project("{8BC9CEB8-8B4A-11D0-8D11-00A0C91BC942}") = "leerhulpmiddel", "leerhulpmiddel\leerhulpmiddel.vcxproj", "{B7FDD3BC-6B46-47B7-9687-D3BC1F3372B0}"
EndProject
Global
	GlobalSection(SolutionConfigurationPlatforms) = preSolution
		Debug|x64 = Debug|x64
		Release|x64 = Release|x64
	EndGlobalSection
	GlobalSection(ProjectConfigurationPlatforms) = postSolution
		{B7FDD3BC-6B46-47B7-9687-D3BC1F3372B0}.Debug|x64.ActiveCfg = Debug|x64
		{B7FDD3BC-6B46-47B7-9687-D3BC1F3372B0}.Debug|x64.Build.0 = Debug|x64
		{B7FDD3BC-6B46-47B7-9687-D3BC1F3372B0}.Release|x64.ActiveCfg = Release|x64
		{B7FDD3BC-6B46-47B7-9687-D3BC1F3372B0}.Release|x64.Build.0 = Release|x64
	EndGlobalSection
	GlobalSection(SolutionProperties) = preSolution
		HideSolutionNode = FALSE
	EndGlobalSection
	GlobalSection(ExtensibilityGlobals) = postSolution
		SolutionGuid = {42AB8110-8CC6-4DE4-8046-C79A537C0520}
	EndGlobalSection
EndGlobal
