<?xml version="1.0" encoding="utf-8"?>
<Project ToolsVersion="4.0" xmlns="http://schemas.microsoft.com/developer/msbuild/2003">
  <ItemGroup>
    <Filter Include="Source Files">
      <UniqueIdentifier>{4FC737F1-C7A5-4376-A066-2A32D752A2FF}</UniqueIdentifier>
      <Extensions>qml;cpp;c;cc;cxx;def;odl;idl;hpj;bat;asm;asmx</Extensions>
    </Filter>
    <Filter Include="Header Files">
      <UniqueIdentifier>{93995380-89BD-4b04-88EB-625FBE52EBFB}</UniqueIdentifier>
      <Extensions>h;hh;hpp;hxx;hm;inl;inc;xsd</Extensions>
    </Filter>
    <Filter Include="Resource Files">
      <UniqueIdentifier>{67DA6AB6-F800-4c08-8B7A-83BB121AAD01}</UniqueIdentifier>
      <Extensions>qrc;rc;ico;cur;bmp;dlg;rc2;rct;bin;rgs;gif;jpg;jpeg;jpe;resx;tiff;tif;png;wav;mfcribbon-ms</Extensions>
    </Filter>
    <Filter Include="Form Files">
      <UniqueIdentifier>{99349809-55BA-4b9d-BF79-8FDBB0286EB3}</UniqueIdentifier>
      <Extensions>ui</Extensions>
    </Filter>
    <Filter Include="Translation Files">
      <UniqueIdentifier>{639EADAA-A684-42e4-A9AD-28FC9BCB8F7C}</UniqueIdentifier>
      <Extensions>ts</Extensions>
    </Filter>
  </ItemGroup>
  <ItemGroup>
    <QtRcc Include="leerhulpmiddel.qrc">
      <Filter>Resource Files</Filter>
    </QtRcc>
    <QtUic Include="leerhulpmiddel.ui">
      <Filter>Form Files</Filter>
    </QtUic>
  </ItemGroup>
  <ItemGroup>
    <ClCompile Include="src\main.cpp">
      <Filter>Source Files</Filter>
    </ClCompile>
    <ClCompile Include="src\model\Questions\FillInQuestion.cpp">
      <Filter>Source Files</Filter>
    </ClCompile>
    <ClCompile Include="src\model\Questions\Flashcard.cpp">
      <Filter>Source Files</Filter>
    </ClCompile>
    <ClCompile Include="src\model\Questions\MultipleChoiceQuestion.cpp">
      <Filter>Source Files</Filter>
    </ClCompile>
    <ClCompile Include="src\model\Questions\Question.cpp">
      <Filter>Source Files</Filter>
    </ClCompile>
    <ClCompile Include="src\model\Questions\Answer.cpp">
      <Filter>Source Files</Filter>
    </ClCompile>
    <ClCompile Include="src\model\fileManager.cpp">
      <Filter>Source Files</Filter>
    </ClCompile>
    <ClCompile Include="src\view\HomeScreen\questionsettreewidget.cpp">
      <Filter>Source Files</Filter>
    </ClCompile>
    <ClCompile Include="src\view\HomeScreen\homescreen.cpp">
      <Filter>Source Files</Filter>
    </ClCompile>
    <ClCompile Include="src\view\HomeScreen\questionsetbrowser.cpp">
      <Filter>Source Files</Filter>
    </ClCompile>
    <ClCompile Include="src\view\HomeScreen\questionsetwidget.cpp">
      <Filter>Source Files</Filter>
    </ClCompile>
    <ClCompile Include="src\view\leerhulpmiddelmainwindow.cpp">
      <Filter>Source Files</Filter>
    </ClCompile>
    <ClCompile Include="src\model\manager\questionmanager.cpp">
      <Filter>Source Files</Filter>
    </ClCompile>
    <ClCompile Include="src\model\questionset.cpp">
      <Filter>Source Files</Filter>
    </ClCompile>
    <ClCompile Include="src\Exceptions\invalidtypeerror.cpp">
      <Filter>Source Files</Filter>
    </ClCompile>
    <ClCompile Include="src\Controller\questionmanagercontroller.cpp">
      <Filter>Source Files</Filter>
    </ClCompile>
    <ClCompile Include="src\model\countdownTimer.cpp">
      <Filter>Source Files</Filter>
    </ClCompile>
    <ClCompile Include="src\view\Examination\examinationView.cpp">
      <Filter>Source Files</Filter>
    </ClCompile>
    <ClCompile Include="src\view\Examination\FillInExaminationView.cpp">
      <Filter>Source Files</Filter>
    </ClCompile>
    <ClCompile Include="src\view\Examination\FlashcardExaminationView.cpp">
      <Filter>Source Files</Filter>
    </ClCompile>
    <ClCompile Include="src\view\Examination\MultipleChoiceExaminationView.cpp">
      <Filter>Source Files</Filter>
    </ClCompile>
    <ClCompile Include="src\Controller\examinationController.cpp">
      <Filter>Source Files</Filter>
    </ClCompile>
    <ClCompile Include="src\model\manager\examinationManager.cpp">
      <Filter>Source Files</Filter>
    </ClCompile>
  </ItemGroup>
  <ItemGroup>
    <ClInclude Include="src\model\Questions\FillInQuestion.h">
      <Filter>Header Files</Filter>
    </ClInclude>
    <ClInclude Include="src\model\Questions\Flashcard.h">
      <Filter>Header Files</Filter>
    </ClInclude>
    <ClInclude Include="src\model\Questions\MultipleChoiceQuestion.h">
      <Filter>Header Files</Filter>
    </ClInclude>
    <ClInclude Include="src\model\Questions\Question.h">
      <Filter>Header Files</Filter>
    </ClInclude>
    <ClInclude Include="src\model\Questions\Answer.h">
      <Filter>Header Files</Filter>
    </ClInclude>
    <ClInclude Include="src\model\fileManager.h">
      <Filter>Header Files</Filter>
    </ClInclude>
    <ClInclude Include="src\model\Questions\questionType.h">
      <Filter>Header Files</Filter>
    </ClInclude>
    <ClInclude Include="src\view\HomeScreen\homescreen.h">
      <Filter>Header Files</Filter>
    </ClInclude>
    <ClInclude Include="src\view\HomeScreen\questionsetbrowser.h">
      <Filter>Header Files</Filter>
    </ClInclude>
    <ClInclude Include="src\view\leerhulpmiddelmainwindow.h">
      <Filter>Header Files</Filter>
    </ClInclude>
    <ClInclude Include="src\Exceptions\invalidtypeerror.h">
      <Filter>Header Files</Filter>
    </ClInclude>
    <ClInclude Include="src\Controller\questionmanagercontroller.h">
      <Filter>Header Files</Filter>
    </ClInclude>
    <ClInclude Include="src\model\examination.h">
      <Filter>Header Files</Filter>
    </ClInclude>
  </ItemGroup>
  <ItemGroup>
    <QtMoc Include="src\view\HomeScreen\mylineedit.h">
      <Filter>Header Files</Filter>
    </QtMoc>
    <QtMoc Include="src\view\HomeScreen\questionsettreewidget.h">
      <Filter>Header Files</Filter>
    </QtMoc>
    <QtMoc Include="src\view\HomeScreen\questionsetwidget.h">
      <Filter>Header Files</Filter>
    </QtMoc>
    <QtMoc Include="src\model\questionset.h">
      <Filter>Header Files</Filter>
    </QtMoc>
    <QtMoc Include="src\model\manager\questionmanager.h">
      <Filter>Header Files</Filter>
    </QtMoc>
    <QtMoc Include="src\model\countdownTimer.h">
      <Filter>Header Files</Filter>
    </QtMoc>
    <QtMoc Include="src\view\Examination\examinationView.h">
      <Filter>Header Files</Filter>
    </QtMoc>
    <QtMoc Include="src\view\Examination\FillInExaminationView.h">
      <Filter>Header Files</Filter>
    </QtMoc>
    <QtMoc Include="src\view\Examination\FlashcardExaminationView.h">
      <Filter>Header Files</Filter>
    </QtMoc>
    <QtMoc Include="src\view\Examination\MultipleChoiceExaminationView.h">
      <Filter>Header Files</Filter>
    </QtMoc>
    <QtMoc Include="src\Controller\examinationController.h">
      <Filter>Source Files</Filter>
    </QtMoc>
    <QtMoc Include="src\model\manager\examinationManager.h">
      <Filter>Source Files</Filter>
    </QtMoc>
  </ItemGroup>
</Project>